
Microsoft Visual Studio Solution File, Format Version 12.00
# Visual Studio Version 17
VisualStudioVersion = 17.6.33829.357
MinimumVisualStudioVersion = 10.0.40219.1
Project("{FAE04EC0-301F-11D3-BF4B-00C04F79EFBC}") = "LogInGoogle", "LogInGoogle\LogInGoogle.csproj", "{8DF96F51-2B64-426F-A407-3FA39D47AFA5}"
EndProject
Global
	GlobalSection(SolutionConfigurationPlatforms) = preSolution
		Debug|Any CPU = Debug|Any CPU
		Release|Any CPU = Release|Any CPU
	EndGlobalSection
	GlobalSection(ProjectConfigurationPlatforms) = postSolution
		{8DF96F51-2B64-426F-A407-3FA39D47AFA5}.Debug|Any CPU.ActiveCfg = Debug|Any CPU
		{8DF96F51-2B64-426F-A407-3FA39D47AFA5}.Debug|Any CPU.Build.0 = Debug|Any CPU
		{8DF96F51-2B64-426F-A407-3FA39D47AFA5}.Release|Any CPU.ActiveCfg = Release|Any CPU
		{8DF96F51-2B64-426F-A407-3FA39D47AFA5}.Release|Any CPU.Build.0 = Release|Any CPU
	EndGlobalSection
	GlobalSection(SolutionProperties) = preSolution
		HideSolutionNode = FALSE
	EndGlobalSection
	GlobalSection(ExtensibilityGlobals) = postSolution
		SolutionGuid = {975E5B86-1BC4-43B7-A648-684CEFCA4413}
	EndGlobalSection
EndGlobal
